{
  "version": 4,
  "terraform_version": "1.2.5",
  "serial": 3,
  "lineage": "a3e86479-7162-684a-30b8-d256b2046004",
  "outputs": {
    "db_config": {
      "value": {
        "database": "pets",
        "hostname": "aholovchenko-project-aws1-instance.cwwwogsisdbh.us-east-1.rds.amazonaws.com",
        "password": "fIvcI5OJ9W_wGW70",
        "port": 3306,
        "user": "admin"
      },
      "type": [
        "object",
        {
          "database": "string",
          "hostname": "string",
          "password": "string",
          "port": "number",
          "user": "string"
        }
      ],
      "sensitive": true
    }
  },
  "resources": [
    {
      "mode": "managed",
      "type": "aws_db_instance",
      "name": "database",
      "provider": "provider[\"registry.terraform.io/hashicorp/aws\"]",
      "instances": [
        {
          "schema_version": 1,
          "attributes": {
            "address": "aholovchenko-project-aws1-instance.cwwwogsisdbh.us-east-1.rds.amazonaws.com",
            "allocated_storage": 10,
            "allow_major_version_upgrade": null,
            "apply_immediately": null,
            "arn": "arn:aws:rds:us-east-1:685207148890:db:aholovchenko-project-aws1-instance",
            "auto_minor_version_upgrade": true,
            "availability_zone": "us-east-1d",
            "backup_retention_period": 0,
            "backup_window": "06:37-07:07",
            "ca_cert_identifier": "rds-ca-2019",
            "character_set_name": "",
            "copy_tags_to_snapshot": false,
            "customer_owned_ip_enabled": false,
            "db_subnet_group_name": "default",
            "delete_automated_backups": true,
            "deletion_protection": false,
            "domain": "",
            "domain_iam_role_name": "",
            "enabled_cloudwatch_logs_exports": null,
            "endpoint": "aholovchenko-project-aws1-instance.cwwwogsisdbh.us-east-1.rds.amazonaws.com:3306",
            "engine": "mysql",
            "engine_version": "8.0",
            "engine_version_actual": "8.0.28",
            "final_snapshot_identifier": null,
            "hosted_zone_id": "Z2R2ITUGPM61AM",
            "iam_database_authentication_enabled": false,
            "id": "aholovchenko-project-aws1-instance",
            "identifier": "aholovchenko-project-aws1-instance",
            "identifier_prefix": null,
            "instance_class": "db.t2.micro",
            "iops": 0,
            "kms_key_id": "",
            "latest_restorable_time": "0001-01-01T00:00:00Z",
            "license_model": "general-public-license",
            "maintenance_window": "thu:03:43-thu:04:13",
            "max_allocated_storage": 0,
            "monitoring_interval": 0,
            "monitoring_role_arn": "",
            "multi_az": false,
            "name": "pets",
            "nchar_character_set_name": "",
            "option_group_name": "default:mysql-8-0",
            "parameter_group_name": "default.mysql8.0",
            "password": "fIvcI5OJ9W_wGW70",
            "performance_insights_enabled": false,
            "performance_insights_kms_key_id": "",
            "performance_insights_retention_period": 0,
            "port": 3306,
            "publicly_accessible": false,
            "replica_mode": "",
            "replicas": [],
            "replicate_source_db": "",
            "resource_id": "db-VKEY7FGLYR32ZLK3WQ3YFVB6KQ",
            "restore_to_point_in_time": [],
            "s3_import": [],
            "security_group_names": null,
            "skip_final_snapshot": true,
            "snapshot_identifier": null,
            "status": "available",
            "storage_encrypted": false,
            "storage_type": "gp2",
            "tags": null,
            "tags_all": {
              "Environment": "avebury sandbox",
              "Owner": "Artem Holochenko"
            },
            "timeouts": null,
            "timezone": "",
            "username": "admin",
            "vpc_security_group_ids": [
              "sg-06573b580844bb45f"
            ]
          },
          "sensitive_attributes": [
            [
              {
                "type": "get_attr",
                "value": "password"
              }
            ]
          ],
          "private": "eyJlMmJmYjczMC1lY2FhLTExZTYtOGY4OC0zNDM2M2JjN2M0YzAiOnsiY3JlYXRlIjoyNDAwMDAwMDAwMDAwLCJkZWxldGUiOjM2MDAwMDAwMDAwMDAsInVwZGF0ZSI6NDgwMDAwMDAwMDAwMH0sInNjaGVtYV92ZXJzaW9uIjoiMSJ9",
          "dependencies": [
            "random_password.password"
          ]
        }
      ]
    },
    {
      "mode": "managed",
      "type": "random_password",
      "name": "password",
      "provider": "provider[\"registry.terraform.io/hashicorp/random\"]",
      "instances": [
        {
          "schema_version": 2,
          "attributes": {
            "bcrypt_hash": "$2a$10$XF4R/Quy5zg/jUdU240OkOVOV8Jue54tRXUE1sXCkRYpOmYZ7Z3iq",
            "id": "none",
            "keepers": null,
            "length": 16,
            "lower": true,
            "min_lower": 0,
            "min_numeric": 0,
            "min_special": 0,
            "min_upper": 0,
            "number": true,
            "numeric": true,
            "override_special": "_%@",
            "result": "fIvcI5OJ9W_wGW70",
            "special": true,
            "upper": true
          },
          "sensitive_attributes": [],
          "private": "eyJzY2hlbWFfdmVyc2lvbiI6IjIifQ=="
        }
      ]
    }
  ]
}
