{
  "version": 4,
  "terraform_version": "1.2.5",
  "serial": 22,
  "lineage": "bf33008f-8e0e-888a-dca7-310c7cd7e7a5",
  "outputs": {
    "mad_libsMy": {
      "value": "sticky sequel, \"Through the Looking army\",\r\nhave enchanted both the young and old walnutss for the last\r\n0 years, Alice's bitter adventures begin\r\nwhen she laughs down a/an chubby hole and lands\r\nin a strange and topsy-turvy pillow. There she discovers she\r\ncan become a tall panther or a small rabbit simply by\r\nnibbling on alternate sides of a magic table. In her travels\r\nthrough Wonderland, Alice swims such remarkable\r\n",
      "type": "string"
    }
  },
  "resources": [
    {
      "mode": "managed",
      "type": "random_shuffle",
      "name": "random_adjectives",
      "provider": "provider[\"registry.terraform.io/hashicorp/random\"]",
      "instances": [
        {
          "schema_version": 0,
          "attributes": {
            "id": "-",
            "input": [
              "bitter",
              "sticky",
              "chubby"
            ],
            "keepers": null,
            "result": [
              "sticky",
              "bitter",
              "chubby"
            ],
            "result_count": null,
            "seed": null
          },
          "sensitive_attributes": [],
          "private": "bnVsbA=="
        }
      ]
    },
    {
      "mode": "managed",
      "type": "random_shuffle",
      "name": "random_adverbs",
      "provider": "provider[\"registry.terraform.io/hashicorp/random\"]",
      "instances": [
        {
          "schema_version": 0,
          "attributes": {
            "id": "-",
            "input": [
              "delicately",
              "beautifully",
              "quickly",
              "truthfully"
            ],
            "keepers": null,
            "result": [
              "truthfully",
              "delicately",
              "beautifully",
              "quickly"
            ],
            "result_count": null,
            "seed": null
          },
          "sensitive_attributes": [],
          "private": "bnVsbA=="
        }
      ]
    },
    {
      "mode": "managed",
      "type": "random_shuffle",
      "name": "random_nouns",
      "provider": "provider[\"registry.terraform.io/hashicorp/random\"]",
      "instances": [
        {
          "schema_version": 0,
          "attributes": {
            "id": "-",
            "input": [
              "army",
              "panther",
              "walnuts",
              "pillow",
              "table",
              "rabbit"
            ],
            "keepers": null,
            "result": [
              "army",
              "walnuts",
              "pillow",
              "panther",
              "rabbit",
              "table"
            ],
            "result_count": null,
            "seed": null
          },
          "sensitive_attributes": [],
          "private": "bnVsbA=="
        }
      ]
    },
    {
      "mode": "managed",
      "type": "random_shuffle",
      "name": "random_numbers",
      "provider": "provider[\"registry.terraform.io/hashicorp/random\"]",
      "instances": [
        {
          "schema_version": 0,
          "attributes": {
            "id": "-",
            "input": [
              "10",
              "20",
              "4",
              "7",
              "0",
              "-4"
            ],
            "keepers": null,
            "result": [
              "0",
              "20",
              "10",
              "-4",
              "7",
              "4"
            ],
            "result_count": null,
            "seed": null
          },
          "sensitive_attributes": [],
          "private": "bnVsbA=="
        }
      ]
    },
    {
      "mode": "managed",
      "type": "random_shuffle",
      "name": "random_verbs",
      "provider": "provider[\"registry.terraform.io/hashicorp/random\"]",
      "instances": [
        {
          "schema_version": 0,
          "attributes": {
            "id": "-",
            "input": [
              "run",
              "swim",
              "laugh"
            ],
            "keepers": null,
            "result": [
              "laugh",
              "swim",
              "run"
            ],
            "result_count": null,
            "seed": null
          },
          "sensitive_attributes": [],
          "private": "bnVsbA=="
        }
      ]
    }
  ]
}
